// !$*UTF8*$!
{
	archiveVersion = 1;
	classes = {
	};
	objectVersion = 56;
	objects = {

/* Begin PBXBuildFile section */
		198F813BF5BA37DE6482FD6E /* Pods_FoodDictionaryTests.framework in Frameworks */ = {isa = PBXBuildFile; fileRef = 562D2C5D2DE9839D027F4B12 /* Pods_FoodDictionaryTests.framework */; };
		1D1856526B7E12F61686F745 /* Pods_FoodDictionary.framework in Frameworks */ = {isa = PBXBuildFile; fileRef = 66EC882BAA28004AA279E0B9 /* Pods_FoodDictionary.framework */; };
		6709E7C82B47D91300706A1F /* FoodMoya.swift in Sources */ = {isa = PBXBuildFile; fileRef = 6709E7C72B47D91300706A1F /* FoodMoya.swift */; };
		6709E7CA2B47D98300706A1F /* FoodModel.swift in Sources */ = {isa = PBXBuildFile; fileRef = 6709E7C92B47D98300706A1F /* FoodModel.swift */; };
		6709E7CC2B4A385B00706A1F /* FoodListViewModel.swift in Sources */ = {isa = PBXBuildFile; fileRef = 6709E7CB2B4A385B00706A1F /* FoodListViewModel.swift */; };
		6709E7CE2B4A386700706A1F /* FoodDetailViewModel.swift in Sources */ = {isa = PBXBuildFile; fileRef = 6709E7CD2B4A386700706A1F /* FoodDetailViewModel.swift */; };
		6709E7D02B4A387200706A1F /* FavoritesViewModel.swift in Sources */ = {isa = PBXBuildFile; fileRef = 6709E7CF2B4A387200706A1F /* FavoritesViewModel.swift */; };
		672E39732B4FE8C800C6E085 /* FoodListView.swift in Sources */ = {isa = PBXBuildFile; fileRef = 672E39722B4FE8C800C6E085 /* FoodListView.swift */; };
		672E39752B4FEBA800C6E085 /* FoodListCell.swift in Sources */ = {isa = PBXBuildFile; fileRef = 672E39742B4FEBA800C6E085 /* FoodListCell.swift */; };
		672E39782B5398F500C6E085 /* LoadingView.swift in Sources */ = {isa = PBXBuildFile; fileRef = 672E39772B5398F500C6E085 /* LoadingView.swift */; };
		672E39862B67175E00C6E085 /* FoodDetailBGView.swift in Sources */ = {isa = PBXBuildFile; fileRef = 672E39852B67175E00C6E085 /* FoodDetailBGView.swift */; };
		672E398A2B677B9700C6E085 /* FoodDetailView.swift in Sources */ = {isa = PBXBuildFile; fileRef = 672E39892B677B9700C6E085 /* FoodDetailView.swift */; };
		672E398D2B677E5200C6E085 /* UIView+.swift in Sources */ = {isa = PBXBuildFile; fileRef = 672E398C2B677E5200C6E085 /* UIView+.swift */; };
		67E4FC412B479B630031E299 /* AppDelegate.swift in Sources */ = {isa = PBXBuildFile; fileRef = 67E4FC402B479B630031E299 /* AppDelegate.swift */; };
		67E4FC452B479B630031E299 /* ViewController.swift in Sources */ = {isa = PBXBuildFile; fileRef = 67E4FC442B479B630031E299 /* ViewController.swift */; };
		67E4FC4B2B479B630031E299 /* FoodDictionary.xcdatamodeld in Sources */ = {isa = PBXBuildFile; fileRef = 67E4FC492B479B630031E299 /* FoodDictionary.xcdatamodeld */; };
		67E4FC4D2B479B640031E299 /* Assets.xcassets in Resources */ = {isa = PBXBuildFile; fileRef = 67E4FC4C2B479B640031E299 /* Assets.xcassets */; };
		67E4FC502B479B640031E299 /* LaunchScreen.storyboard in Resources */ = {isa = PBXBuildFile; fileRef = 67E4FC4E2B479B640031E299 /* LaunchScreen.storyboard */; };
		67E4FC5B2B479B640031E299 /* FoodDictionaryTests.swift in Sources */ = {isa = PBXBuildFile; fileRef = 67E4FC5A2B479B640031E299 /* FoodDictionaryTests.swift */; };
		67E4FC652B479B640031E299 /* FoodDictionaryUITests.swift in Sources */ = {isa = PBXBuildFile; fileRef = 67E4FC642B479B640031E299 /* FoodDictionaryUITests.swift */; };
		67E4FC672B479B640031E299 /* FoodDictionaryUITestsLaunchTests.swift in Sources */ = {isa = PBXBuildFile; fileRef = 67E4FC662B479B640031E299 /* FoodDictionaryUITestsLaunchTests.swift */; };
		67E4FC782B479FDC0031E299 /* FavoritesViewController.swift in Sources */ = {isa = PBXBuildFile; fileRef = 67E4FC772B479FDC0031E299 /* FavoritesViewController.swift */; };
		67E4FC7A2B479FEC0031E299 /* FoodListViewController.swift in Sources */ = {isa = PBXBuildFile; fileRef = 67E4FC792B479FEC0031E299 /* FoodListViewController.swift */; };
		67E4FC7D2B47A1790031E299 /* Steps.swift in Sources */ = {isa = PBXBuildFile; fileRef = 67E4FC7C2B47A1790031E299 /* Steps.swift */; };
		67E4FC7F2B47A4FE0031E299 /* AppFlow.swift in Sources */ = {isa = PBXBuildFile; fileRef = 67E4FC7E2B47A4FE0031E299 /* AppFlow.swift */; };
		67E4FC822B47A5520031E299 /* FoodDetailViewController.swift in Sources */ = {isa = PBXBuildFile; fileRef = 67E4FC812B47A5520031E299 /* FoodDetailViewController.swift */; };
		67E4FC842B47A78E0031E299 /* FoodService.swift in Sources */ = {isa = PBXBuildFile; fileRef = 67E4FC832B47A78E0031E299 /* FoodService.swift */; };
		67E4FC862B47AB690031E299 /* FoodListFlow.swift in Sources */ = {isa = PBXBuildFile; fileRef = 67E4FC852B47AB690031E299 /* FoodListFlow.swift */; };
		67E4FC882B47AB740031E299 /* FavoritesFlow.swift in Sources */ = {isa = PBXBuildFile; fileRef = 67E4FC872B47AB740031E299 /* FavoritesFlow.swift */; };
		B3D4B6A73A82292CE6DFFEDA /* Pods_FoodDictionary_FoodDictionaryUITests.framework in Frameworks */ = {isa = PBXBuildFile; fileRef = 0202BA867A27DD4418F4C8C7 /* Pods_FoodDictionary_FoodDictionaryUITests.framework */; };
/* End PBXBuildFile section */

/* Begin PBXContainerItemProxy section */
		67E4FC572B479B640031E299 /* PBXContainerItemProxy */ = {
			isa = PBXContainerItemProxy;
			containerPortal = 67E4FC352B479B630031E299 /* Project object */;
			proxyType = 1;
			remoteGlobalIDString = 67E4FC3C2B479B630031E299;
			remoteInfo = FoodDictionary;
		};
		67E4FC612B479B640031E299 /* PBXContainerItemProxy */ = {
			isa = PBXContainerItemProxy;
			containerPortal = 67E4FC352B479B630031E299 /* Project object */;
			proxyType = 1;
			remoteGlobalIDString = 67E4FC3C2B479B630031E299;
			remoteInfo = FoodDictionary;
		};
/* End PBXContainerItemProxy section */

/* Begin PBXFileReference section */
		0202BA867A27DD4418F4C8C7 /* Pods_FoodDictionary_FoodDictionaryUITests.framework */ = {isa = PBXFileReference; explicitFileType = wrapper.framework; includeInIndex = 0; path = Pods_FoodDictionary_FoodDictionaryUITests.framework; sourceTree = BUILT_PRODUCTS_DIR; };
		562D2C5D2DE9839D027F4B12 /* Pods_FoodDictionaryTests.framework */ = {isa = PBXFileReference; explicitFileType = wrapper.framework; includeInIndex = 0; path = Pods_FoodDictionaryTests.framework; sourceTree = BUILT_PRODUCTS_DIR; };
		642D8AB424A40C8A33CD6D3E /* Pods-FoodDictionary-FoodDictionaryUITests.release.xcconfig */ = {isa = PBXFileReference; includeInIndex = 1; lastKnownFileType = text.xcconfig; name = "Pods-FoodDictionary-FoodDictionaryUITests.release.xcconfig"; path = "Target Support Files/Pods-FoodDictionary-FoodDictionaryUITests/Pods-FoodDictionary-FoodDictionaryUITests.release.xcconfig"; sourceTree = "<group>"; };
		66EC882BAA28004AA279E0B9 /* Pods_FoodDictionary.framework */ = {isa = PBXFileReference; explicitFileType = wrapper.framework; includeInIndex = 0; path = Pods_FoodDictionary.framework; sourceTree = BUILT_PRODUCTS_DIR; };
		6709E7C72B47D91300706A1F /* FoodMoya.swift */ = {isa = PBXFileReference; lastKnownFileType = sourcecode.swift; path = FoodMoya.swift; sourceTree = "<group>"; };
		6709E7C92B47D98300706A1F /* FoodModel.swift */ = {isa = PBXFileReference; lastKnownFileType = sourcecode.swift; path = FoodModel.swift; sourceTree = "<group>"; };
		6709E7CB2B4A385B00706A1F /* FoodListViewModel.swift */ = {isa = PBXFileReference; lastKnownFileType = sourcecode.swift; path = FoodListViewModel.swift; sourceTree = "<group>"; };
		6709E7CD2B4A386700706A1F /* FoodDetailViewModel.swift */ = {isa = PBXFileReference; lastKnownFileType = sourcecode.swift; path = FoodDetailViewModel.swift; sourceTree = "<group>"; };
		6709E7CF2B4A387200706A1F /* FavoritesViewModel.swift */ = {isa = PBXFileReference; lastKnownFileType = sourcecode.swift; path = FavoritesViewModel.swift; sourceTree = "<group>"; };
		672E39722B4FE8C800C6E085 /* FoodListView.swift */ = {isa = PBXFileReference; lastKnownFileType = sourcecode.swift; path = FoodListView.swift; sourceTree = "<group>"; };
		672E39742B4FEBA800C6E085 /* FoodListCell.swift */ = {isa = PBXFileReference; lastKnownFileType = sourcecode.swift; path = FoodListCell.swift; sourceTree = "<group>"; };
		672E39772B5398F500C6E085 /* LoadingView.swift */ = {isa = PBXFileReference; lastKnownFileType = sourcecode.swift; path = LoadingView.swift; sourceTree = "<group>"; };
		672E39852B67175E00C6E085 /* FoodDetailBGView.swift */ = {isa = PBXFileReference; lastKnownFileType = sourcecode.swift; path = FoodDetailBGView.swift; sourceTree = "<group>"; };
		672E39892B677B9700C6E085 /* FoodDetailView.swift */ = {isa = PBXFileReference; lastKnownFileType = sourcecode.swift; path = FoodDetailView.swift; sourceTree = "<group>"; };
		672E398C2B677E5200C6E085 /* UIView+.swift */ = {isa = PBXFileReference; lastKnownFileType = sourcecode.swift; path = "UIView+.swift"; sourceTree = "<group>"; };
		67E4FC3D2B479B630031E299 /* FoodDictionary.app */ = {isa = PBXFileReference; explicitFileType = wrapper.application; includeInIndex = 0; path = FoodDictionary.app; sourceTree = BUILT_PRODUCTS_DIR; };
		67E4FC402B479B630031E299 /* AppDelegate.swift */ = {isa = PBXFileReference; lastKnownFileType = sourcecode.swift; path = AppDelegate.swift; sourceTree = "<group>"; };
		67E4FC442B479B630031E299 /* ViewController.swift */ = {isa = PBXFileReference; lastKnownFileType = sourcecode.swift; path = ViewController.swift; sourceTree = "<group>"; };
		67E4FC4A2B479B630031E299 /* FoodDictionary.xcdatamodel */ = {isa = PBXFileReference; lastKnownFileType = wrapper.xcdatamodel; path = FoodDictionary.xcdatamodel; sourceTree = "<group>"; };
		67E4FC4C2B479B640031E299 /* Assets.xcassets */ = {isa = PBXFileReference; lastKnownFileType = folder.assetcatalog; path = Assets.xcassets; sourceTree = "<group>"; };
		67E4FC4F2B479B640031E299 /* Base */ = {isa = PBXFileReference; lastKnownFileType = file.storyboard; name = Base; path = Base.lproj/LaunchScreen.storyboard; sourceTree = "<group>"; };
		67E4FC512B479B640031E299 /* Info.plist */ = {isa = PBXFileReference; lastKnownFileType = text.plist.xml; path = Info.plist; sourceTree = "<group>"; };
		67E4FC562B479B640031E299 /* FoodDictionaryTests.xctest */ = {isa = PBXFileReference; explicitFileType = wrapper.cfbundle; includeInIndex = 0; path = FoodDictionaryTests.xctest; sourceTree = BUILT_PRODUCTS_DIR; };
		67E4FC5A2B479B640031E299 /* FoodDictionaryTests.swift */ = {isa = PBXFileReference; lastKnownFileType = sourcecode.swift; path = FoodDictionaryTests.swift; sourceTree = "<group>"; };
		67E4FC602B479B640031E299 /* FoodDictionaryUITests.xctest */ = {isa = PBXFileReference; explicitFileType = wrapper.cfbundle; includeInIndex = 0; path = FoodDictionaryUITests.xctest; sourceTree = BUILT_PRODUCTS_DIR; };
		67E4FC642B479B640031E299 /* FoodDictionaryUITests.swift */ = {isa = PBXFileReference; lastKnownFileType = sourcecode.swift; path = FoodDictionaryUITests.swift; sourceTree = "<group>"; };
		67E4FC662B479B640031E299 /* FoodDictionaryUITestsLaunchTests.swift */ = {isa = PBXFileReference; lastKnownFileType = sourcecode.swift; path = FoodDictionaryUITestsLaunchTests.swift; sourceTree = "<group>"; };
		67E4FC772B479FDC0031E299 /* FavoritesViewController.swift */ = {isa = PBXFileReference; lastKnownFileType = sourcecode.swift; path = FavoritesViewController.swift; sourceTree = "<group>"; };
		67E4FC792B479FEC0031E299 /* FoodListViewController.swift */ = {isa = PBXFileReference; lastKnownFileType = sourcecode.swift; path = FoodListViewController.swift; sourceTree = "<group>"; };
		67E4FC7C2B47A1790031E299 /* Steps.swift */ = {isa = PBXFileReference; lastKnownFileType = sourcecode.swift; path = Steps.swift; sourceTree = "<group>"; };
		67E4FC7E2B47A4FE0031E299 /* AppFlow.swift */ = {isa = PBXFileReference; lastKnownFileType = sourcecode.swift; path = AppFlow.swift; sourceTree = "<group>"; };
		67E4FC812B47A5520031E299 /* FoodDetailViewController.swift */ = {isa = PBXFileReference; lastKnownFileType = sourcecode.swift; path = FoodDetailViewController.swift; sourceTree = "<group>"; };
		67E4FC832B47A78E0031E299 /* FoodService.swift */ = {isa = PBXFileReference; lastKnownFileType = sourcecode.swift; path = FoodService.swift; sourceTree = "<group>"; };
		67E4FC852B47AB690031E299 /* FoodListFlow.swift */ = {isa = PBXFileReference; lastKnownFileType = sourcecode.swift; path = FoodListFlow.swift; sourceTree = "<group>"; };
		67E4FC872B47AB740031E299 /* FavoritesFlow.swift */ = {isa = PBXFileReference; lastKnownFileType = sourcecode.swift; path = FavoritesFlow.swift; sourceTree = "<group>"; };
		7C07BBCBA5D01374CC7F51D4 /* Pods-FoodDictionary.release.xcconfig */ = {isa = PBXFileReference; includeInIndex = 1; lastKnownFileType = text.xcconfig; name = "Pods-FoodDictionary.release.xcconfig"; path = "Target Support Files/Pods-FoodDictionary/Pods-FoodDictionary.release.xcconfig"; sourceTree = "<group>"; };
		82165B9560069A3EE5A094D0 /* Pods-FoodDictionary-FoodDictionaryUITests.debug.xcconfig */ = {isa = PBXFileReference; includeInIndex = 1; lastKnownFileType = text.xcconfig; name = "Pods-FoodDictionary-FoodDictionaryUITests.debug.xcconfig"; path = "Target Support Files/Pods-FoodDictionary-FoodDictionaryUITests/Pods-FoodDictionary-FoodDictionaryUITests.debug.xcconfig"; sourceTree = "<group>"; };
		9ED58A8D1E992A578DDCE82F /* Pods-FoodDictionaryTests.debug.xcconfig */ = {isa = PBXFileReference; includeInIndex = 1; lastKnownFileType = text.xcconfig; name = "Pods-FoodDictionaryTests.debug.xcconfig"; path = "Target Support Files/Pods-FoodDictionaryTests/Pods-FoodDictionaryTests.debug.xcconfig"; sourceTree = "<group>"; };
		AB8DAF0D8865FF90871B7ED0 /* Pods-FoodDictionary.debug.xcconfig */ = {isa = PBXFileReference; includeInIndex = 1; lastKnownFileType = text.xcconfig; name = "Pods-FoodDictionary.debug.xcconfig"; path = "Target Support Files/Pods-FoodDictionary/Pods-FoodDictionary.debug.xcconfig"; sourceTree = "<group>"; };
		B5CFACAA5F962EFE956BCD0F /* Pods-FoodDictionaryTests.release.xcconfig */ = {isa = PBXFileReference; includeInIndex = 1; lastKnownFileType = text.xcconfig; name = "Pods-FoodDictionaryTests.release.xcconfig"; path = "Target Support Files/Pods-FoodDictionaryTests/Pods-FoodDictionaryTests.release.xcconfig"; sourceTree = "<group>"; };
/* End PBXFileReference section */

/* Begin PBXFrameworksBuildPhase section */
		67E4FC3A2B479B630031E299 /* Frameworks */ = {
			isa = PBXFrameworksBuildPhase;
			buildActionMask = 2147483647;
			files = (
				1D1856526B7E12F61686F745 /* Pods_FoodDictionary.framework in Frameworks */,
			);
			runOnlyForDeploymentPostprocessing = 0;
		};
		67E4FC532B479B640031E299 /* Frameworks */ = {
			isa = PBXFrameworksBuildPhase;
			buildActionMask = 2147483647;
			files = (
				198F813BF5BA37DE6482FD6E /* Pods_FoodDictionaryTests.framework in Frameworks */,
			);
			runOnlyForDeploymentPostprocessing = 0;
		};
		67E4FC5D2B479B640031E299 /* Frameworks */ = {
			isa = PBXFrameworksBuildPhase;
			buildActionMask = 2147483647;
			files = (
				B3D4B6A73A82292CE6DFFEDA /* Pods_FoodDictionary_FoodDictionaryUITests.framework in Frameworks */,
			);
			runOnlyForDeploymentPostprocessing = 0;
		};
/* End PBXFrameworksBuildPhase section */

/* Begin PBXGroup section */
		19F07DC773349E926F716F81 /* Pods */ = {
			isa = PBXGroup;
			children = (
				AB8DAF0D8865FF90871B7ED0 /* Pods-FoodDictionary.debug.xcconfig */,
				7C07BBCBA5D01374CC7F51D4 /* Pods-FoodDictionary.release.xcconfig */,
				82165B9560069A3EE5A094D0 /* Pods-FoodDictionary-FoodDictionaryUITests.debug.xcconfig */,
				642D8AB424A40C8A33CD6D3E /* Pods-FoodDictionary-FoodDictionaryUITests.release.xcconfig */,
				9ED58A8D1E992A578DDCE82F /* Pods-FoodDictionaryTests.debug.xcconfig */,
				B5CFACAA5F962EFE956BCD0F /* Pods-FoodDictionaryTests.release.xcconfig */,
			);
			path = Pods;
			sourceTree = "<group>";
		};
		30B0E645AF022DDA27892A0C /* Frameworks */ = {
			isa = PBXGroup;
			children = (
				66EC882BAA28004AA279E0B9 /* Pods_FoodDictionary.framework */,
				0202BA867A27DD4418F4C8C7 /* Pods_FoodDictionary_FoodDictionaryUITests.framework */,
				562D2C5D2DE9839D027F4B12 /* Pods_FoodDictionaryTests.framework */,
			);
			name = Frameworks;
			sourceTree = "<group>";
		};
		672E39762B5398C000C6E085 /* Feature */ = {
			isa = PBXGroup;
			children = (
				67E4FC762B479FAE0031E299 /* FoodList */,
				67E4FC752B479F750031E299 /* Favorites */,
				67E4FC802B47A53B0031E299 /* FoodsDetail */,
				672E39792B5398FA00C6E085 /* Common */,
			);
			path = Feature;
			sourceTree = "<group>";
		};
		672E39792B5398FA00C6E085 /* Common */ = {
			isa = PBXGroup;
			children = (
				672E39772B5398F500C6E085 /* LoadingView.swift */,
			);
			path = Common;
			sourceTree = "<group>";
		};
		672E398B2B677E3600C6E085 /* Extension */ = {
			isa = PBXGroup;
			children = (
				672E398C2B677E5200C6E085 /* UIView+.swift */,
			);
			path = Extension;
			sourceTree = "<group>";
		};
		67E4FC342B479B630031E299 = {
			isa = PBXGroup;
			children = (
				67E4FC3F2B479B630031E299 /* FoodDictionary */,
				67E4FC592B479B640031E299 /* FoodDictionaryTests */,
				67E4FC632B479B640031E299 /* FoodDictionaryUITests */,
				67E4FC3E2B479B630031E299 /* Products */,
				19F07DC773349E926F716F81 /* Pods */,
				30B0E645AF022DDA27892A0C /* Frameworks */,
			);
			sourceTree = "<group>";
		};
		67E4FC3E2B479B630031E299 /* Products */ = {
			isa = PBXGroup;
			children = (
				67E4FC3D2B479B630031E299 /* FoodDictionary.app */,
				67E4FC562B479B640031E299 /* FoodDictionaryTests.xctest */,
				67E4FC602B479B640031E299 /* FoodDictionaryUITests.xctest */,
			);
			name = Products;
			sourceTree = "<group>";
		};
		67E4FC3F2B479B630031E299 /* FoodDictionary */ = {
			isa = PBXGroup;
			children = (
				672E39762B5398C000C6E085 /* Feature */,
				67E4FC7B2B47A1630031E299 /* Flows */,
				67E4FC742B479C930031E299 /* Networking */,
				672E398B2B677E3600C6E085 /* Extension */,
				67E4FC732B479C8A0031E299 /* Model */,
				67E4FC402B479B630031E299 /* AppDelegate.swift */,
				67E4FC442B479B630031E299 /* ViewController.swift */,
				67E4FC4C2B479B640031E299 /* Assets.xcassets */,
				67E4FC4E2B479B640031E299 /* LaunchScreen.storyboard */,
				67E4FC512B479B640031E299 /* Info.plist */,
				67E4FC492B479B630031E299 /* FoodDictionary.xcdatamodeld */,
			);
			path = FoodDictionary;
			sourceTree = "<group>";
		};
		67E4FC592B479B640031E299 /* FoodDictionaryTests */ = {
			isa = PBXGroup;
			children = (
				67E4FC5A2B479B640031E299 /* FoodDictionaryTests.swift */,
			);
			path = FoodDictionaryTests;
			sourceTree = "<group>";
		};
		67E4FC632B479B640031E299 /* FoodDictionaryUITests */ = {
			isa = PBXGroup;
			children = (
				67E4FC642B479B640031E299 /* FoodDictionaryUITests.swift */,
				67E4FC662B479B640031E299 /* FoodDictionaryUITestsLaunchTests.swift */,
			);
			path = FoodDictionaryUITests;
			sourceTree = "<group>";
		};
		67E4FC732B479C8A0031E299 /* Model */ = {
			isa = PBXGroup;
			children = (
				6709E7C92B47D98300706A1F /* FoodModel.swift */,
			);
			path = Model;
			sourceTree = "<group>";
		};
		67E4FC742B479C930031E299 /* Networking */ = {
			isa = PBXGroup;
			children = (
				67E4FC832B47A78E0031E299 /* FoodService.swift */,
				6709E7C72B47D91300706A1F /* FoodMoya.swift */,
			);
			path = Networking;
			sourceTree = "<group>";
		};
		67E4FC752B479F750031E299 /* Favorites */ = {
			isa = PBXGroup;
			children = (
				67E4FC772B479FDC0031E299 /* FavoritesViewController.swift */,
				6709E7CF2B4A387200706A1F /* FavoritesViewModel.swift */,
			);
			path = Favorites;
			sourceTree = "<group>";
		};
		67E4FC762B479FAE0031E299 /* FoodList */ = {
			isa = PBXGroup;
			children = (
				67E4FC792B479FEC0031E299 /* FoodListViewController.swift */,
				672E39722B4FE8C800C6E085 /* FoodListView.swift */,
				672E39742B4FEBA800C6E085 /* FoodListCell.swift */,
				6709E7CB2B4A385B00706A1F /* FoodListViewModel.swift */,
			);
			path = FoodList;
			sourceTree = "<group>";
		};
		67E4FC7B2B47A1630031E299 /* Flows */ = {
			isa = PBXGroup;
			children = (
				67E4FC7C2B47A1790031E299 /* Steps.swift */,
				67E4FC7E2B47A4FE0031E299 /* AppFlow.swift */,
				67E4FC852B47AB690031E299 /* FoodListFlow.swift */,
				67E4FC872B47AB740031E299 /* FavoritesFlow.swift */,
			);
			path = Flows;
			sourceTree = "<group>";
		};
		67E4FC802B47A53B0031E299 /* FoodsDetail */ = {
			isa = PBXGroup;
			children = (
				67E4FC812B47A5520031E299 /* FoodDetailViewController.swift */,
				672E39892B677B9700C6E085 /* FoodDetailView.swift */,
				672E39852B67175E00C6E085 /* FoodDetailBGView.swift */,
				6709E7CD2B4A386700706A1F /* FoodDetailViewModel.swift */,
			);
			path = FoodsDetail;
			sourceTree = "<group>";
		};
/* End PBXGroup section */

/* Begin PBXNativeTarget section */
		67E4FC3C2B479B630031E299 /* FoodDictionary */ = {
			isa = PBXNativeTarget;
			buildConfigurationList = 67E4FC6A2B479B640031E299 /* Build configuration list for PBXNativeTarget "FoodDictionary" */;
			buildPhases = (
				6A7EED517233337AACDE1B29 /* [CP] Check Pods Manifest.lock */,
				67E4FC392B479B630031E299 /* Sources */,
				67E4FC3A2B479B630031E299 /* Frameworks */,
				67E4FC3B2B479B630031E299 /* Resources */,
				4BB78040F60081F4DBA0826A /* [CP] Embed Pods Frameworks */,
			);
			buildRules = (
			);
			dependencies = (
			);
			name = FoodDictionary;
			productName = FoodDictionary;
			productReference = 67E4FC3D2B479B630031E299 /* FoodDictionary.app */;
			productType = "com.apple.product-type.application";
		};
		67E4FC552B479B640031E299 /* FoodDictionaryTests */ = {
			isa = PBXNativeTarget;
			buildConfigurationList = 67E4FC6D2B479B640031E299 /* Build configuration list for PBXNativeTarget "FoodDictionaryTests" */;
			buildPhases = (
				D8ECD91F697370401A20875C /* [CP] Check Pods Manifest.lock */,
				67E4FC522B479B640031E299 /* Sources */,
				67E4FC532B479B640031E299 /* Frameworks */,
				67E4FC542B479B640031E299 /* Resources */,
			);
			buildRules = (
			);
			dependencies = (
				67E4FC582B479B640031E299 /* PBXTargetDependency */,
			);
			name = FoodDictionaryTests;
			productName = FoodDictionaryTests;
			productReference = 67E4FC562B479B640031E299 /* FoodDictionaryTests.xctest */;
			productType = "com.apple.product-type.bundle.unit-test";
		};
		67E4FC5F2B479B640031E299 /* FoodDictionaryUITests */ = {
			isa = PBXNativeTarget;
			buildConfigurationList = 67E4FC702B479B640031E299 /* Build configuration list for PBXNativeTarget "FoodDictionaryUITests" */;
			buildPhases = (
				63CEF10721182A3EDA42F9CC /* [CP] Check Pods Manifest.lock */,
				67E4FC5C2B479B640031E299 /* Sources */,
				67E4FC5D2B479B640031E299 /* Frameworks */,
				67E4FC5E2B479B640031E299 /* Resources */,
				7707DD324A660733EF466654 /* [CP] Embed Pods Frameworks */,
			);
			buildRules = (
			);
			dependencies = (
				67E4FC622B479B640031E299 /* PBXTargetDependency */,
			);
			name = FoodDictionaryUITests;
			productName = FoodDictionaryUITests;
			productReference = 67E4FC602B479B640031E299 /* FoodDictionaryUITests.xctest */;
			productType = "com.apple.product-type.bundle.ui-testing";
		};
/* End PBXNativeTarget section */

/* Begin PBXProject section */
		67E4FC352B479B630031E299 /* Project object */ = {
			isa = PBXProject;
			attributes = {
				BuildIndependentTargetsInParallel = 1;
				LastSwiftUpdateCheck = 1430;
				LastUpgradeCheck = 1430;
				TargetAttributes = {
					67E4FC3C2B479B630031E299 = {
						CreatedOnToolsVersion = 14.3.1;
					};
					67E4FC552B479B640031E299 = {
						CreatedOnToolsVersion = 14.3.1;
						TestTargetID = 67E4FC3C2B479B630031E299;
					};
					67E4FC5F2B479B640031E299 = {
						CreatedOnToolsVersion = 14.3.1;
						TestTargetID = 67E4FC3C2B479B630031E299;
					};
				};
			};
			buildConfigurationList = 67E4FC382B479B630031E299 /* Build configuration list for PBXProject "FoodDictionary" */;
			compatibilityVersion = "Xcode 14.0";
			developmentRegion = en;
			hasScannedForEncodings = 0;
			knownRegions = (
				en,
				Base,
			);
			mainGroup = 67E4FC342B479B630031E299;
			productRefGroup = 67E4FC3E2B479B630031E299 /* Products */;
			projectDirPath = "";
			projectRoot = "";
			targets = (
				67E4FC3C2B479B630031E299 /* FoodDictionary */,
				67E4FC552B479B640031E299 /* FoodDictionaryTests */,
				67E4FC5F2B479B640031E299 /* FoodDictionaryUITests */,
			);
		};
/* End PBXProject section */

/* Begin PBXResourcesBuildPhase section */
		67E4FC3B2B479B630031E299 /* Resources */ = {
			isa = PBXResourcesBuildPhase;
			buildActionMask = 2147483647;
			files = (
				67E4FC502B479B640031E299 /* LaunchScreen.storyboard in Resources */,
				67E4FC4D2B479B640031E299 /* Assets.xcassets in Resources */,
			);
			runOnlyForDeploymentPostprocessing = 0;
		};
		67E4FC542B479B640031E299 /* Resources */ = {
			isa = PBXResourcesBuildPhase;
			buildActionMask = 2147483647;
			files = (
			);
			runOnlyForDeploymentPostprocessing = 0;
		};
		67E4FC5E2B479B640031E299 /* Resources */ = {
			isa = PBXResourcesBuildPhase;
			buildActionMask = 2147483647;
			files = (
			);
			runOnlyForDeploymentPostprocessing = 0;
		};
/* End PBXResourcesBuildPhase section */

/* Begin PBXShellScriptBuildPhase section */
		4BB78040F60081F4DBA0826A /* [CP] Embed Pods Frameworks */ = {
			isa = PBXShellScriptBuildPhase;
			buildActionMask = 2147483647;
			files = (
			);
			inputFileListPaths = (
				"${PODS_ROOT}/Target Support Files/Pods-FoodDictionary/Pods-FoodDictionary-frameworks-${CONFIGURATION}-input-files.xcfilelist",
			);
			name = "[CP] Embed Pods Frameworks";
			outputFileListPaths = (
				"${PODS_ROOT}/Target Support Files/Pods-FoodDictionary/Pods-FoodDictionary-frameworks-${CONFIGURATION}-output-files.xcfilelist",
			);
			runOnlyForDeploymentPostprocessing = 0;
			shellPath = /bin/sh;
			shellScript = "\"${PODS_ROOT}/Target Support Files/Pods-FoodDictionary/Pods-FoodDictionary-frameworks.sh\"\n";
			showEnvVarsInLog = 0;
		};
		63CEF10721182A3EDA42F9CC /* [CP] Check Pods Manifest.lock */ = {
			isa = PBXShellScriptBuildPhase;
			buildActionMask = 2147483647;
			files = (
			);
			inputFileListPaths = (
			);
			inputPaths = (
				"${PODS_PODFILE_DIR_PATH}/Podfile.lock",
				"${PODS_ROOT}/Manifest.lock",
			);
			name = "[CP] Check Pods Manifest.lock";
			outputFileListPaths = (
			);
			outputPaths = (
				"$(DERIVED_FILE_DIR)/Pods-FoodDictionary-FoodDictionaryUITests-checkManifestLockResult.txt",
			);
			runOnlyForDeploymentPostprocessing = 0;
			shellPath = /bin/sh;
			shellScript = "diff \"${PODS_PODFILE_DIR_PATH}/Podfile.lock\" \"${PODS_ROOT}/Manifest.lock\" > /dev/null\nif [ $? != 0 ] ; then\n    # print error to STDERR\n    echo \"error: The sandbox is not in sync with the Podfile.lock. Run 'pod install' or update your CocoaPods installation.\" >&2\n    exit 1\nfi\n# This output is used by Xcode 'outputs' to avoid re-running this script phase.\necho \"SUCCESS\" > \"${SCRIPT_OUTPUT_FILE_0}\"\n";
			showEnvVarsInLog = 0;
		};
		6A7EED517233337AACDE1B29 /* [CP] Check Pods Manifest.lock */ = {
			isa = PBXShellScriptBuildPhase;
			buildActionMask = 2147483647;
			files = (
			);
			inputFileListPaths = (
			);
			inputPaths = (
				"${PODS_PODFILE_DIR_PATH}/Podfile.lock",
				"${PODS_ROOT}/Manifest.lock",
			);
			name = "[CP] Check Pods Manifest.lock";
			outputFileListPaths = (
			);
			outputPaths = (
				"$(DERIVED_FILE_DIR)/Pods-FoodDictionary-checkManifestLockResult.txt",
			);
			runOnlyForDeploymentPostprocessing = 0;
			shellPath = /bin/sh;
			shellScript = "diff \"${PODS_PODFILE_DIR_PATH}/Podfile.lock\" \"${PODS_ROOT}/Manifest.lock\" > /dev/null\nif [ $? != 0 ] ; then\n    # print error to STDERR\n    echo \"error: The sandbox is not in sync with the Podfile.lock. Run 'pod install' or update your CocoaPods installation.\" >&2\n    exit 1\nfi\n# This output is used by Xcode 'outputs' to avoid re-running this script phase.\necho \"SUCCESS\" > \"${SCRIPT_OUTPUT_FILE_0}\"\n";
			showEnvVarsInLog = 0;
		};
		7707DD324A660733EF466654 /* [CP] Embed Pods Frameworks */ = {
			isa = PBXShellScriptBuildPhase;
			buildActionMask = 2147483647;
			files = (
			);
			inputFileListPaths = (
				"${PODS_ROOT}/Target Support Files/Pods-FoodDictionary-FoodDictionaryUITests/Pods-FoodDictionary-FoodDictionaryUITests-frameworks-${CONFIGURATION}-input-files.xcfilelist",
			);
			name = "[CP] Embed Pods Frameworks";
			outputFileListPaths = (
				"${PODS_ROOT}/Target Support Files/Pods-FoodDictionary-FoodDictionaryUITests/Pods-FoodDictionary-FoodDictionaryUITests-frameworks-${CONFIGURATION}-output-files.xcfilelist",
			);
			runOnlyForDeploymentPostprocessing = 0;
			shellPath = /bin/sh;
			shellScript = "\"${PODS_ROOT}/Target Support Files/Pods-FoodDictionary-FoodDictionaryUITests/Pods-FoodDictionary-FoodDictionaryUITests-frameworks.sh\"\n";
			showEnvVarsInLog = 0;
		};
		D8ECD91F697370401A20875C /* [CP] Check Pods Manifest.lock */ = {
			isa = PBXShellScriptBuildPhase;
			buildActionMask = 2147483647;
			files = (
			);
			inputFileListPaths = (
			);
			inputPaths = (
				"${PODS_PODFILE_DIR_PATH}/Podfile.lock",
				"${PODS_ROOT}/Manifest.lock",
			);
			name = "[CP] Check Pods Manifest.lock";
			outputFileListPaths = (
			);
			outputPaths = (
				"$(DERIVED_FILE_DIR)/Pods-FoodDictionaryTests-checkManifestLockResult.txt",
			);
			runOnlyForDeploymentPostprocessing = 0;
			shellPath = /bin/sh;
			shellScript = "diff \"${PODS_PODFILE_DIR_PATH}/Podfile.lock\" \"${PODS_ROOT}/Manifest.lock\" > /dev/null\nif [ $? != 0 ] ; then\n    # print error to STDERR\n    echo \"error: The sandbox is not in sync with the Podfile.lock. Run 'pod install' or update your CocoaPods installation.\" >&2\n    exit 1\nfi\n# This output is used by Xcode 'outputs' to avoid re-running this script phase.\necho \"SUCCESS\" > \"${SCRIPT_OUTPUT_FILE_0}\"\n";
			showEnvVarsInLog = 0;
		};
/* End PBXShellScriptBuildPhase section */

/* Begin PBXSourcesBuildPhase section */
		67E4FC392B479B630031E299 /* Sources */ = {
			isa = PBXSourcesBuildPhase;
			buildActionMask = 2147483647;
			files = (
				67E4FC7A2B479FEC0031E299 /* FoodListViewController.swift in Sources */,
				67E4FC842B47A78E0031E299 /* FoodService.swift in Sources */,
				67E4FC7F2B47A4FE0031E299 /* AppFlow.swift in Sources */,
				67E4FC7D2B47A1790031E299 /* Steps.swift in Sources */,
				67E4FC452B479B630031E299 /* ViewController.swift in Sources */,
				67E4FC822B47A5520031E299 /* FoodDetailViewController.swift in Sources */,
				672E39752B4FEBA800C6E085 /* FoodListCell.swift in Sources */,
				67E4FC862B47AB690031E299 /* FoodListFlow.swift in Sources */,
				672E398D2B677E5200C6E085 /* UIView+.swift in Sources */,
				6709E7C82B47D91300706A1F /* FoodMoya.swift in Sources */,
				67E4FC4B2B479B630031E299 /* FoodDictionary.xcdatamodeld in Sources */,
				672E39732B4FE8C800C6E085 /* FoodListView.swift in Sources */,
				672E398A2B677B9700C6E085 /* FoodDetailView.swift in Sources */,
				67E4FC412B479B630031E299 /* AppDelegate.swift in Sources */,
				672E39862B67175E00C6E085 /* FoodDetailBGView.swift in Sources */,
				6709E7CC2B4A385B00706A1F /* FoodListViewModel.swift in Sources */,
				6709E7CA2B47D98300706A1F /* FoodModel.swift in Sources */,
				6709E7CE2B4A386700706A1F /* FoodDetailViewModel.swift in Sources */,
				67E4FC882B47AB740031E299 /* FavoritesFlow.swift in Sources */,
				6709E7D02B4A387200706A1F /* FavoritesViewModel.swift in Sources */,
				672E39782B5398F500C6E085 /* LoadingView.swift in Sources */,
				67E4FC782B479FDC0031E299 /* FavoritesViewController.swift in Sources */,
			);
			runOnlyForDeploymentPostprocessing = 0;
		};
		67E4FC522B479B640031E299 /* Sources */ = {
			isa = PBXSourcesBuildPhase;
			buildActionMask = 2147483647;
			files = (
				67E4FC5B2B479B640031E299 /* FoodDictionaryTests.swift in Sources */,
			);
			runOnlyForDeploymentPostprocessing = 0;
		};
		67E4FC5C2B479B640031E299 /* Sources */ = {
			isa = PBXSourcesBuildPhase;
			buildActionMask = 2147483647;
			files = (
				67E4FC672B479B640031E299 /* FoodDictionaryUITestsLaunchTests.swift in Sources */,
				67E4FC652B479B640031E299 /* FoodDictionaryUITests.swift in Sources */,
			);
			runOnlyForDeploymentPostprocessing = 0;
		};
/* End PBXSourcesBuildPhase section */

/* Begin PBXTargetDependency section */
		67E4FC582B479B640031E299 /* PBXTargetDependency */ = {
			isa = PBXTargetDependency;
			target = 67E4FC3C2B479B630031E299 /* FoodDictionary */;
			targetProxy = 67E4FC572B479B640031E299 /* PBXContainerItemProxy */;
		};
		67E4FC622B479B640031E299 /* PBXTargetDependency */ = {
			isa = PBXTargetDependency;
			target = 67E4FC3C2B479B630031E299 /* FoodDictionary */;
			targetProxy = 67E4FC612B479B640031E299 /* PBXContainerItemProxy */;
		};
/* End PBXTargetDependency section */

/* Begin PBXVariantGroup section */
		67E4FC4E2B479B640031E299 /* LaunchScreen.storyboard */ = {
			isa = PBXVariantGroup;
			children = (
				67E4FC4F2B479B640031E299 /* Base */,
			);
			name = LaunchScreen.storyboard;
			sourceTree = "<group>";
		};
/* End PBXVariantGroup section */

/* Begin XCBuildConfiguration section */
		67E4FC682B479B640031E299 /* Debug */ = {
			isa = XCBuildConfiguration;
			buildSettings = {
				ALWAYS_SEARCH_USER_PATHS = NO;
				CLANG_ANALYZER_NONNULL = YES;
				CLANG_ANALYZER_NUMBER_OBJECT_CONVERSION = YES_AGGRESSIVE;
				CLANG_CXX_LANGUAGE_STANDARD = "gnu++20";
				CLANG_ENABLE_MODULES = YES;
				CLANG_ENABLE_OBJC_ARC = YES;
				CLANG_ENABLE_OBJC_WEAK = YES;
				CLANG_WARN_BLOCK_CAPTURE_AUTORELEASING = YES;
				CLANG_WARN_BOOL_CONVERSION = YES;
				CLANG_WARN_COMMA = YES;
				CLANG_WARN_CONSTANT_CONVERSION = YES;
				CLANG_WARN_DEPRECATED_OBJC_IMPLEMENTATIONS = YES;
				CLANG_WARN_DIRECT_OBJC_ISA_USAGE = YES_ERROR;
				CLANG_WARN_DOCUMENTATION_COMMENTS = YES;
				CLANG_WARN_EMPTY_BODY = YES;
				CLANG_WARN_ENUM_CONVERSION = YES;
				CLANG_WARN_INFINITE_RECURSION = YES;
				CLANG_WARN_INT_CONVERSION = YES;
				CLANG_WARN_NON_LITERAL_NULL_CONVERSION = YES;
				CLANG_WARN_OBJC_IMPLICIT_RETAIN_SELF = YES;
				CLANG_WARN_OBJC_LITERAL_CONVERSION = YES;
				CLANG_WARN_OBJC_ROOT_CLASS = YES_ERROR;
				CLANG_WARN_QUOTED_INCLUDE_IN_FRAMEWORK_HEADER = YES;
				CLANG_WARN_RANGE_LOOP_ANALYSIS = YES;
				CLANG_WARN_STRICT_PROTOTYPES = YES;
				CLANG_WARN_SUSPICIOUS_MOVE = YES;
				CLANG_WARN_UNGUARDED_AVAILABILITY = YES_AGGRESSIVE;
				CLANG_WARN_UNREACHABLE_CODE = YES;
				CLANG_WARN__DUPLICATE_METHOD_MATCH = YES;
				COPY_PHASE_STRIP = NO;
				DEBUG_INFORMATION_FORMAT = dwarf;
				ENABLE_STRICT_OBJC_MSGSEND = YES;
				ENABLE_TESTABILITY = YES;
				GCC_C_LANGUAGE_STANDARD = gnu11;
				GCC_DYNAMIC_NO_PIC = NO;
				GCC_NO_COMMON_BLOCKS = YES;
				GCC_OPTIMIZATION_LEVEL = 0;
				GCC_PREPROCESSOR_DEFINITIONS = (
					"DEBUG=1",
					"$(inherited)",
				);
				GCC_WARN_64_TO_32_BIT_CONVERSION = YES;
				GCC_WARN_ABOUT_RETURN_TYPE = YES_ERROR;
				GCC_WARN_UNDECLARED_SELECTOR = YES;
				GCC_WARN_UNINITIALIZED_AUTOS = YES_AGGRESSIVE;
				GCC_WARN_UNUSED_FUNCTION = YES;
				GCC_WARN_UNUSED_VARIABLE = YES;
				IPHONEOS_DEPLOYMENT_TARGET = 16.4;
				MTL_ENABLE_DEBUG_INFO = INCLUDE_SOURCE;
				MTL_FAST_MATH = YES;
				ONLY_ACTIVE_ARCH = YES;
				SDKROOT = iphoneos;
				SWIFT_ACTIVE_COMPILATION_CONDITIONS = DEBUG;
				SWIFT_OPTIMIZATION_LEVEL = "-Onone";
			};
			name = Debug;
		};
		67E4FC692B479B640031E299 /* Release */ = {
			isa = XCBuildConfiguration;
			buildSettings = {
				ALWAYS_SEARCH_USER_PATHS = NO;
				CLANG_ANALYZER_NONNULL = YES;
				CLANG_ANALYZER_NUMBER_OBJECT_CONVERSION = YES_AGGRESSIVE;
				CLANG_CXX_LANGUAGE_STANDARD = "gnu++20";
				CLANG_ENABLE_MODULES = YES;
				CLANG_ENABLE_OBJC_ARC = YES;
				CLANG_ENABLE_OBJC_WEAK = YES;
				CLANG_WARN_BLOCK_CAPTURE_AUTORELEASING = YES;
				CLANG_WARN_BOOL_CONVERSION = YES;
				CLANG_WARN_COMMA = YES;
				CLANG_WARN_CONSTANT_CONVERSION = YES;
				CLANG_WARN_DEPRECATED_OBJC_IMPLEMENTATIONS = YES;
				CLANG_WARN_DIRECT_OBJC_ISA_USAGE = YES_ERROR;
				CLANG_WARN_DOCUMENTATION_COMMENTS = YES;
				CLANG_WARN_EMPTY_BODY = YES;
				CLANG_WARN_ENUM_CONVERSION = YES;
				CLANG_WARN_INFINITE_RECURSION = YES;
				CLANG_WARN_INT_CONVERSION = YES;
				CLANG_WARN_NON_LITERAL_NULL_CONVERSION = YES;
				CLANG_WARN_OBJC_IMPLICIT_RETAIN_SELF = YES;
				CLANG_WARN_OBJC_LITERAL_CONVERSION = YES;
				CLANG_WARN_OBJC_ROOT_CLASS = YES_ERROR;
				CLANG_WARN_QUOTED_INCLUDE_IN_FRAMEWORK_HEADER = YES;
				CLANG_WARN_RANGE_LOOP_ANALYSIS = YES;
				CLANG_WARN_STRICT_PROTOTYPES = YES;
				CLANG_WARN_SUSPICIOUS_MOVE = YES;
				CLANG_WARN_UNGUARDED_AVAILABILITY = YES_AGGRESSIVE;
				CLANG_WARN_UNREACHABLE_CODE = YES;
				CLANG_WARN__DUPLICATE_METHOD_MATCH = YES;
				COPY_PHASE_STRIP = NO;
				DEBUG_INFORMATION_FORMAT = "dwarf-with-dsym";
				ENABLE_NS_ASSERTIONS = NO;
				ENABLE_STRICT_OBJC_MSGSEND = YES;
				GCC_C_LANGUAGE_STANDARD = gnu11;
				GCC_NO_COMMON_BLOCKS = YES;
				GCC_WARN_64_TO_32_BIT_CONVERSION = YES;
				GCC_WARN_ABOUT_RETURN_TYPE = YES_ERROR;
				GCC_WARN_UNDECLARED_SELECTOR = YES;
				GCC_WARN_UNINITIALIZED_AUTOS = YES_AGGRESSIVE;
				GCC_WARN_UNUSED_FUNCTION = YES;
				GCC_WARN_UNUSED_VARIABLE = YES;
				IPHONEOS_DEPLOYMENT_TARGET = 16.4;
				MTL_ENABLE_DEBUG_INFO = NO;
				MTL_FAST_MATH = YES;
				SDKROOT = iphoneos;
				SWIFT_COMPILATION_MODE = wholemodule;
				SWIFT_OPTIMIZATION_LEVEL = "-O";
				VALIDATE_PRODUCT = YES;
			};
			name = Release;
		};
		67E4FC6B2B479B640031E299 /* Debug */ = {
			isa = XCBuildConfiguration;
			baseConfigurationReference = AB8DAF0D8865FF90871B7ED0 /* Pods-FoodDictionary.debug.xcconfig */;
			buildSettings = {
				ASSETCATALOG_COMPILER_APPICON_NAME = AppIcon;
				ASSETCATALOG_COMPILER_GLOBAL_ACCENT_COLOR_NAME = AccentColor;
				CODE_SIGN_STYLE = Automatic;
				CURRENT_PROJECT_VERSION = 1;
				DEVELOPMENT_TEAM = 8G9QJBS8AT;
				GENERATE_INFOPLIST_FILE = YES;
				INFOPLIST_FILE = FoodDictionary/Info.plist;
				INFOPLIST_KEY_UIApplicationSupportsIndirectInputEvents = YES;
				INFOPLIST_KEY_UILaunchStoryboardName = LaunchScreen;
				INFOPLIST_KEY_UISupportedInterfaceOrientations_iPad = "UIInterfaceOrientationPortrait UIInterfaceOrientationPortraitUpsideDown UIInterfaceOrientationLandscapeLeft UIInterfaceOrientationLandscapeRight";
				INFOPLIST_KEY_UISupportedInterfaceOrientations_iPhone = "UIInterfaceOrientationPortrait UIInterfaceOrientationLandscapeLeft UIInterfaceOrientationLandscapeRight";
				IPHONEOS_DEPLOYMENT_TARGET = 13.0;
				LD_RUNPATH_SEARCH_PATHS = (
					"$(inherited)",
					"@executable_path/Frameworks",
				);
				MARKETING_VERSION = 1.0;
				PRODUCT_BUNDLE_IDENTIFIER = jooeunKim.FoodDictionary;
				PRODUCT_NAME = "$(TARGET_NAME)";
				SWIFT_EMIT_LOC_STRINGS = YES;
				SWIFT_VERSION = 5.0;
				TARGETED_DEVICE_FAMILY = "1,2";
			};
			name = Debug;
		};
		67E4FC6C2B479B640031E299 /* Release */ = {
			isa = XCBuildConfiguration;
			baseConfigurationReference = 7C07BBCBA5D01374CC7F51D4 /* Pods-FoodDictionary.release.xcconfig */;
			buildSettings = {
				ASSETCATALOG_COMPILER_APPICON_NAME = AppIcon;
				ASSETCATALOG_COMPILER_GLOBAL_ACCENT_COLOR_NAME = AccentColor;
				CODE_SIGN_STYLE = Automatic;
				CURRENT_PROJECT_VERSION = 1;
				DEVELOPMENT_TEAM = 8G9QJBS8AT;
				GENERATE_INFOPLIST_FILE = YES;
				INFOPLIST_FILE = FoodDictionary/Info.plist;
				INFOPLIST_KEY_UIApplicationSupportsIndirectInputEvents = YES;
				INFOPLIST_KEY_UILaunchStoryboardName = LaunchScreen;
				INFOPLIST_KEY_UISupportedInterfaceOrientations_iPad = "UIInterfaceOrientationPortrait UIInterfaceOrientationPortraitUpsideDown UIInterfaceOrientationLandscapeLeft UIInterfaceOrientationLandscapeRight";
				INFOPLIST_KEY_UISupportedInterfaceOrientations_iPhone = "UIInterfaceOrientationPortrait UIInterfaceOrientationLandscapeLeft UIInterfaceOrientationLandscapeRight";
				IPHONEOS_DEPLOYMENT_TARGET = 13.0;
				LD_RUNPATH_SEARCH_PATHS = (
					"$(inherited)",
					"@executable_path/Frameworks",
				);
				MARKETING_VERSION = 1.0;
				PRODUCT_BUNDLE_IDENTIFIER = jooeunKim.FoodDictionary;
				PRODUCT_NAME = "$(TARGET_NAME)";
				SWIFT_EMIT_LOC_STRINGS = YES;
				SWIFT_VERSION = 5.0;
				TARGETED_DEVICE_FAMILY = "1,2";
			};
			name = Release;
		};
		67E4FC6E2B479B640031E299 /* Debug */ = {
			isa = XCBuildConfiguration;
			baseConfigurationReference = 9ED58A8D1E992A578DDCE82F /* Pods-FoodDictionaryTests.debug.xcconfig */;
			buildSettings = {
				ALWAYS_EMBED_SWIFT_STANDARD_LIBRARIES = YES;
				BUNDLE_LOADER = "$(TEST_HOST)";
				CODE_SIGN_STYLE = Automatic;
				CURRENT_PROJECT_VERSION = 1;
				DEVELOPMENT_TEAM = 8G9QJBS8AT;
				GENERATE_INFOPLIST_FILE = YES;
				IPHONEOS_DEPLOYMENT_TARGET = 16.4;
				MARKETING_VERSION = 1.0;
				PRODUCT_BUNDLE_IDENTIFIER = jooeunKim.FoodDictionaryTests;
				PRODUCT_NAME = "$(TARGET_NAME)";
				SWIFT_EMIT_LOC_STRINGS = NO;
				SWIFT_VERSION = 5.0;
				TARGETED_DEVICE_FAMILY = "1,2";
				TEST_HOST = "$(BUILT_PRODUCTS_DIR)/FoodDictionary.app/$(BUNDLE_EXECUTABLE_FOLDER_PATH)/FoodDictionary";
			};
			name = Debug;
		};
		67E4FC6F2B479B640031E299 /* Release */ = {
			isa = XCBuildConfiguration;
			baseConfigurationReference = B5CFACAA5F962EFE956BCD0F /* Pods-FoodDictionaryTests.release.xcconfig */;
			buildSettings = {
				ALWAYS_EMBED_SWIFT_STANDARD_LIBRARIES = YES;
				BUNDLE_LOADER = "$(TEST_HOST)";
				CODE_SIGN_STYLE = Automatic;
				CURRENT_PROJECT_VERSION = 1;
				DEVELOPMENT_TEAM = 8G9QJBS8AT;
				GENERATE_INFOPLIST_FILE = YES;
				IPHONEOS_DEPLOYMENT_TARGET = 16.4;
				MARKETING_VERSION = 1.0;
				PRODUCT_BUNDLE_IDENTIFIER = jooeunKim.FoodDictionaryTests;
				PRODUCT_NAME = "$(TARGET_NAME)";
				SWIFT_EMIT_LOC_STRINGS = NO;
				SWIFT_VERSION = 5.0;
				TARGETED_DEVICE_FAMILY = "1,2";
				TEST_HOST = "$(BUILT_PRODUCTS_DIR)/FoodDictionary.app/$(BUNDLE_EXECUTABLE_FOLDER_PATH)/FoodDictionary";
			};
			name = Release;
		};
		67E4FC712B479B640031E299 /* Debug */ = {
			isa = XCBuildConfiguration;
			baseConfigurationReference = 82165B9560069A3EE5A094D0 /* Pods-FoodDictionary-FoodDictionaryUITests.debug.xcconfig */;
			buildSettings = {
				ALWAYS_EMBED_SWIFT_STANDARD_LIBRARIES = YES;
				CODE_SIGN_STYLE = Automatic;
				CURRENT_PROJECT_VERSION = 1;
				DEVELOPMENT_TEAM = 8G9QJBS8AT;
				GENERATE_INFOPLIST_FILE = YES;
				MARKETING_VERSION = 1.0;
				PRODUCT_BUNDLE_IDENTIFIER = jooeunKim.FoodDictionaryUITests;
				PRODUCT_NAME = "$(TARGET_NAME)";
				SWIFT_EMIT_LOC_STRINGS = NO;
				SWIFT_VERSION = 5.0;
				TARGETED_DEVICE_FAMILY = "1,2";
				TEST_TARGET_NAME = FoodDictionary;
			};
			name = Debug;
		};
		67E4FC722B479B640031E299 /* Release */ = {
			isa = XCBuildConfiguration;
			baseConfigurationReference = 642D8AB424A40C8A33CD6D3E /* Pods-FoodDictionary-FoodDictionaryUITests.release.xcconfig */;
			buildSettings = {
				ALWAYS_EMBED_SWIFT_STANDARD_LIBRARIES = YES;
				CODE_SIGN_STYLE = Automatic;
				CURRENT_PROJECT_VERSION = 1;
				DEVELOPMENT_TEAM = 8G9QJBS8AT;
				GENERATE_INFOPLIST_FILE = YES;
				MARKETING_VERSION = 1.0;
				PRODUCT_BUNDLE_IDENTIFIER = jooeunKim.FoodDictionaryUITests;
				PRODUCT_NAME = "$(TARGET_NAME)";
				SWIFT_EMIT_LOC_STRINGS = NO;
				SWIFT_VERSION = 5.0;
				TARGETED_DEVICE_FAMILY = "1,2";
				TEST_TARGET_NAME = FoodDictionary;
			};
			name = Release;
		};
/* End XCBuildConfiguration section */

/* Begin XCConfigurationList section */
		67E4FC382B479B630031E299 /* Build configuration list for PBXProject "FoodDictionary" */ = {
			isa = XCConfigurationList;
			buildConfigurations = (
				67E4FC682B479B640031E299 /* Debug */,
				67E4FC692B479B640031E299 /* Release */,
			);
			defaultConfigurationIsVisible = 0;
			defaultConfigurationName = Release;
		};
		67E4FC6A2B479B640031E299 /* Build configuration list for PBXNativeTarget "FoodDictionary" */ = {
			isa = XCConfigurationList;
			buildConfigurations = (
				67E4FC6B2B479B640031E299 /* Debug */,
				67E4FC6C2B479B640031E299 /* Release */,
			);
			defaultConfigurationIsVisible = 0;
			defaultConfigurationName = Release;
		};
		67E4FC6D2B479B640031E299 /* Build configuration list for PBXNativeTarget "FoodDictionaryTests" */ = {
			isa = XCConfigurationList;
			buildConfigurations = (
				67E4FC6E2B479B640031E299 /* Debug */,
				67E4FC6F2B479B640031E299 /* Release */,
			);
			defaultConfigurationIsVisible = 0;
			defaultConfigurationName = Release;
		};
		67E4FC702B479B640031E299 /* Build configuration list for PBXNativeTarget "FoodDictionaryUITests" */ = {
			isa = XCConfigurationList;
			buildConfigurations = (
				67E4FC712B479B640031E299 /* Debug */,
				67E4FC722B479B640031E299 /* Release */,
			);
			defaultConfigurationIsVisible = 0;
			defaultConfigurationName = Release;
		};
/* End XCConfigurationList section */

/* Begin XCVersionGroup section */
		67E4FC492B479B630031E299 /* FoodDictionary.xcdatamodeld */ = {
			isa = XCVersionGroup;
			children = (
				67E4FC4A2B479B630031E299 /* FoodDictionary.xcdatamodel */,
			);
			currentVersion = 67E4FC4A2B479B630031E299 /* FoodDictionary.xcdatamodel */;
			path = FoodDictionary.xcdatamodeld;
			sourceTree = "<group>";
			versionGroupType = wrapper.xcdatamodel;
		};
/* End XCVersionGroup section */
	};
	rootObject = 67E4FC352B479B630031E299 /* Project object */;
}
